
Microsoft Visual Studio Solution File, Format Version 12.00
# Visual Studio Version 16
VisualStudioVersion = 16.0.32106.194
MinimumVisualStudioVersion = 10.0.40219.1
Project("{FAE04EC0-301F-11D3-BF4B-00C04F79EFBC}") = "APITest", "APITest.csproj", "{9378C239-F93F-43CD-916D-2DAEBBC00FB1}"
EndProject
Global
	GlobalSection(SolutionConfigurationPlatforms) = preSolution
		Debug|Any CPU = Debug|Any CPU
		Release|Any CPU = Release|Any CPU
	EndGlobalSection
	GlobalSection(ProjectConfigurationPlatforms) = postSolution
		{9378C239-F93F-43CD-916D-2DAEBBC00FB1}.Debug|Any CPU.ActiveCfg = Debug|Any CPU
		{9378C239-F93F-43CD-916D-2DAEBBC00FB1}.Debug|Any CPU.Build.0 = Debug|Any CPU
		{9378C239-F93F-43CD-916D-2DAEBBC00FB1}.Release|Any CPU.ActiveCfg = Release|Any CPU
		{9378C239-F93F-43CD-916D-2DAEBBC00FB1}.Release|Any CPU.Build.0 = Release|Any CPU
	EndGlobalSection
	GlobalSection(SolutionProperties) = preSolution
		HideSolutionNode = FALSE
	EndGlobalSection
	GlobalSection(ExtensibilityGlobals) = postSolution
		SolutionGuid = {B8E9DFEF-87A5-4A99-8BE3-E78B226721B4}
	EndGlobalSection
EndGlobal
